
Microsoft Visual Studio Solution File, Format Version 12.00
# Visual Studio Version 16
VisualStudioVersion = 16.0.31911.196
MinimumVisualStudioVersion = 10.0.40219.1
Project("{FAE04EC0-301F-11D3-BF4B-00C04F79EFBC}") = "Projet_Marwan_Kaouachi", "Projet_Marwan_Kaouachi.csproj", "{1EC864DB-8EF8-4432-A9A0-143D4A1270E8}"
EndProject
Global
	GlobalSection(SolutionConfigurationPlatforms) = preSolution
		Debug|Any CPU = Debug|Any CPU
		Release|Any CPU = Release|Any CPU
	EndGlobalSection
	GlobalSection(ProjectConfigurationPlatforms) = postSolution
		{1EC864DB-8EF8-4432-A9A0-143D4A1270E8}.Debug|Any CPU.ActiveCfg = Debug|Any CPU
		{1EC864DB-8EF8-4432-A9A0-143D4A1270E8}.Debug|Any CPU.Build.0 = Debug|Any CPU
		{1EC864DB-8EF8-4432-A9A0-143D4A1270E8}.Release|Any CPU.ActiveCfg = Release|Any CPU
		{1EC864DB-8EF8-4432-A9A0-143D4A1270E8}.Release|Any CPU.Build.0 = Release|Any CPU
	EndGlobalSection
	GlobalSection(SolutionProperties) = preSolution
		HideSolutionNode = FALSE
	EndGlobalSection
	GlobalSection(ExtensibilityGlobals) = postSolution
		SolutionGuid = {DDBBE7D0-075C-402A-A3F7-4F02965580A2}
	EndGlobalSection
EndGlobal
